
Microsoft Visual Studio Solution File, Format Version 12.00
# Visual Studio Version 17
VisualStudioVersion = 17.0.31903.59
MinimumVisualStudioVersion = 10.0.40219.1
Project("{FAE04EC0-301F-11D3-BF4B-00C04F79EFBC}") = "Testing", "Testing\Testing.csproj", "{14EDAA63-0387-4B00-BE10-312E5B202BDE}"
EndProject
Project("{FAE04EC0-301F-11D3-BF4B-00C04F79EFBC}") = "Business", "Business\Business.csproj", "{FA1DD92E-38D9-4D3D-A696-681891811961}"
EndProject
Project("{FAE04EC0-301F-11D3-BF4B-00C04F79EFBC}") = "Controller", "Controller\Controller.csproj", "{B61C6B64-B817-43E3-A5E6-0FBC8C18C953}"
EndProject
Project("{FAE04EC0-301F-11D3-BF4B-00C04F79EFBC}") = "Domain", "Domain\Domain.csproj", "{AD948557-1CE7-48DF-BCEE-461155069E76}"
EndProject
Project("{FAE04EC0-301F-11D3-BF4B-00C04F79EFBC}") = "Infrastructure", "Infrastructure\Infrastructure.csproj", "{26FF29CC-3CA7-4C91-943F-6C502A3B22A4}"
EndProject
Global
	GlobalSection(SolutionConfigurationPlatforms) = preSolution
		Debug|Any CPU = Debug|Any CPU
		Release|Any CPU = Release|Any CPU
	EndGlobalSection
	GlobalSection(SolutionProperties) = preSolution
		HideSolutionNode = FALSE
	EndGlobalSection
	GlobalSection(ProjectConfigurationPlatforms) = postSolution
		{14EDAA63-0387-4B00-BE10-312E5B202BDE}.Debug|Any CPU.ActiveCfg = Debug|Any CPU
		{14EDAA63-0387-4B00-BE10-312E5B202BDE}.Debug|Any CPU.Build.0 = Debug|Any CPU
		{14EDAA63-0387-4B00-BE10-312E5B202BDE}.Release|Any CPU.ActiveCfg = Release|Any CPU
		{14EDAA63-0387-4B00-BE10-312E5B202BDE}.Release|Any CPU.Build.0 = Release|Any CPU
		{FA1DD92E-38D9-4D3D-A696-681891811961}.Debug|Any CPU.ActiveCfg = Debug|Any CPU
		{FA1DD92E-38D9-4D3D-A696-681891811961}.Debug|Any CPU.Build.0 = Debug|Any CPU
		{FA1DD92E-38D9-4D3D-A696-681891811961}.Release|Any CPU.ActiveCfg = Release|Any CPU
		{FA1DD92E-38D9-4D3D-A696-681891811961}.Release|Any CPU.Build.0 = Release|Any CPU
		{B61C6B64-B817-43E3-A5E6-0FBC8C18C953}.Debug|Any CPU.ActiveCfg = Debug|Any CPU
		{B61C6B64-B817-43E3-A5E6-0FBC8C18C953}.Debug|Any CPU.Build.0 = Debug|Any CPU
		{B61C6B64-B817-43E3-A5E6-0FBC8C18C953}.Release|Any CPU.ActiveCfg = Release|Any CPU
		{B61C6B64-B817-43E3-A5E6-0FBC8C18C953}.Release|Any CPU.Build.0 = Release|Any CPU
		{AD948557-1CE7-48DF-BCEE-461155069E76}.Debug|Any CPU.ActiveCfg = Debug|Any CPU
		{AD948557-1CE7-48DF-BCEE-461155069E76}.Debug|Any CPU.Build.0 = Debug|Any CPU
		{AD948557-1CE7-48DF-BCEE-461155069E76}.Release|Any CPU.ActiveCfg = Release|Any CPU
		{AD948557-1CE7-48DF-BCEE-461155069E76}.Release|Any CPU.Build.0 = Release|Any CPU
		{26FF29CC-3CA7-4C91-943F-6C502A3B22A4}.Debug|Any CPU.ActiveCfg = Debug|Any CPU
		{26FF29CC-3CA7-4C91-943F-6C502A3B22A4}.Debug|Any CPU.Build.0 = Debug|Any CPU
		{26FF29CC-3CA7-4C91-943F-6C502A3B22A4}.Release|Any CPU.ActiveCfg = Release|Any CPU
		{26FF29CC-3CA7-4C91-943F-6C502A3B22A4}.Release|Any CPU.Build.0 = Release|Any CPU
	EndGlobalSection
EndGlobal
