
Microsoft Visual Studio Solution File, Format Version 12.00
# Visual Studio Version 17
VisualStudioVersion = 17.0.31903.59
MinimumVisualStudioVersion = 10.0.40219.1
Project("{FAE04EC0-301F-11D3-BF4B-00C04F79EFBC}") = "Testing", "Testing\Testing.csproj", "{74D1094C-0BB2-4A13-A996-F57CC6F912D0}"
EndProject
Project("{FAE04EC0-301F-11D3-BF4B-00C04F79EFBC}") = "Controller", "Controller\Controller.csproj", "{131FEE99-107F-4F5D-AF63-100D48127A49}"
EndProject
Project("{FAE04EC0-301F-11D3-BF4B-00C04F79EFBC}") = "Domain", "Domain\Domain.csproj", "{99BC5354-42B3-4DE1-827E-D8D6AA774393}"
EndProject
Project("{FAE04EC0-301F-11D3-BF4B-00C04F79EFBC}") = "Business", "Business\Business.csproj", "{40E55877-EAA4-4082-9551-C86E48A7DEDA}"
EndProject
Project("{FAE04EC0-301F-11D3-BF4B-00C04F79EFBC}") = "Webapi", "Webapi\Webapi.csproj", "{8F345DFE-8DC3-4679-A713-67806A61C246}"
EndProject
Global
	GlobalSection(SolutionConfigurationPlatforms) = preSolution
		Debug|Any CPU = Debug|Any CPU
		Release|Any CPU = Release|Any CPU
	EndGlobalSection
	GlobalSection(SolutionProperties) = preSolution
		HideSolutionNode = FALSE
	EndGlobalSection
	GlobalSection(ProjectConfigurationPlatforms) = postSolution
		{74D1094C-0BB2-4A13-A996-F57CC6F912D0}.Debug|Any CPU.ActiveCfg = Debug|Any CPU
		{74D1094C-0BB2-4A13-A996-F57CC6F912D0}.Debug|Any CPU.Build.0 = Debug|Any CPU
		{74D1094C-0BB2-4A13-A996-F57CC6F912D0}.Release|Any CPU.ActiveCfg = Release|Any CPU
		{74D1094C-0BB2-4A13-A996-F57CC6F912D0}.Release|Any CPU.Build.0 = Release|Any CPU
		{131FEE99-107F-4F5D-AF63-100D48127A49}.Debug|Any CPU.ActiveCfg = Debug|Any CPU
		{131FEE99-107F-4F5D-AF63-100D48127A49}.Debug|Any CPU.Build.0 = Debug|Any CPU
		{131FEE99-107F-4F5D-AF63-100D48127A49}.Release|Any CPU.ActiveCfg = Release|Any CPU
		{131FEE99-107F-4F5D-AF63-100D48127A49}.Release|Any CPU.Build.0 = Release|Any CPU
		{99BC5354-42B3-4DE1-827E-D8D6AA774393}.Debug|Any CPU.ActiveCfg = Debug|Any CPU
		{99BC5354-42B3-4DE1-827E-D8D6AA774393}.Debug|Any CPU.Build.0 = Debug|Any CPU
		{99BC5354-42B3-4DE1-827E-D8D6AA774393}.Release|Any CPU.ActiveCfg = Release|Any CPU
		{99BC5354-42B3-4DE1-827E-D8D6AA774393}.Release|Any CPU.Build.0 = Release|Any CPU
		{40E55877-EAA4-4082-9551-C86E48A7DEDA}.Debug|Any CPU.ActiveCfg = Debug|Any CPU
		{40E55877-EAA4-4082-9551-C86E48A7DEDA}.Debug|Any CPU.Build.0 = Debug|Any CPU
		{40E55877-EAA4-4082-9551-C86E48A7DEDA}.Release|Any CPU.ActiveCfg = Release|Any CPU
		{40E55877-EAA4-4082-9551-C86E48A7DEDA}.Release|Any CPU.Build.0 = Release|Any CPU
		{8F345DFE-8DC3-4679-A713-67806A61C246}.Debug|Any CPU.ActiveCfg = Debug|Any CPU
		{8F345DFE-8DC3-4679-A713-67806A61C246}.Debug|Any CPU.Build.0 = Debug|Any CPU
		{8F345DFE-8DC3-4679-A713-67806A61C246}.Release|Any CPU.ActiveCfg = Release|Any CPU
		{8F345DFE-8DC3-4679-A713-67806A61C246}.Release|Any CPU.Build.0 = Release|Any CPU
	EndGlobalSection
EndGlobal
